
Microsoft Visual Studio Solution File, Format Version 12.00
# Visual Studio Version 16
VisualStudioVersion = 16.0.30607.51
MinimumVisualStudioVersion = 15.0.26124.0
Project("{9A19103F-16F7-4668-BE54-9A1E7A4F7556}") = "HockeyApi.UnitTests", "HockeyApi.UnitTests\HockeyApi.UnitTests.csproj", "{3EA41D42-440A-4F48-A2CF-646BAAE54AD9}"
EndProject
Project("{9A19103F-16F7-4668-BE54-9A1E7A4F7556}") = "HockeyApi", "HockeyApi\HockeyApi.csproj", "{DF41F3BF-D487-436E-A5A1-1650D902D2C8}"
EndProject
Global
	GlobalSection(SolutionConfigurationPlatforms) = preSolution
		Debug|Any CPU = Debug|Any CPU
		Release|Any CPU = Release|Any CPU
	EndGlobalSection
	GlobalSection(ProjectConfigurationPlatforms) = postSolution
		{3EA41D42-440A-4F48-A2CF-646BAAE54AD9}.Debug|Any CPU.ActiveCfg = Debug|Any CPU
		{3EA41D42-440A-4F48-A2CF-646BAAE54AD9}.Debug|Any CPU.Build.0 = Debug|Any CPU
		{3EA41D42-440A-4F48-A2CF-646BAAE54AD9}.Release|Any CPU.ActiveCfg = Release|Any CPU
		{3EA41D42-440A-4F48-A2CF-646BAAE54AD9}.Release|Any CPU.Build.0 = Release|Any CPU
		{DF41F3BF-D487-436E-A5A1-1650D902D2C8}.Debug|Any CPU.ActiveCfg = Debug|Any CPU
		{DF41F3BF-D487-436E-A5A1-1650D902D2C8}.Debug|Any CPU.Build.0 = Debug|Any CPU
		{DF41F3BF-D487-436E-A5A1-1650D902D2C8}.Release|Any CPU.ActiveCfg = Release|Any CPU
		{DF41F3BF-D487-436E-A5A1-1650D902D2C8}.Release|Any CPU.Build.0 = Release|Any CPU
	EndGlobalSection
	GlobalSection(SolutionProperties) = preSolution
		HideSolutionNode = FALSE
	EndGlobalSection
	GlobalSection(ExtensibilityGlobals) = postSolution
		SolutionGuid = {ABEF2F4C-223F-4FA2-8856-374BD17525B3}
	EndGlobalSection
EndGlobal
